
Microsoft Visual Studio Solution File, Format Version 12.00
# Visual Studio 2013
VisualStudioVersion = 12.0.40629.0
MinimumVisualStudioVersion = 10.0.40219.1
Project("{8BC9CEB8-8B4A-11D0-8D11-00A0C91BC942}") = "test_2_3", "test_2_3.vcxproj", "{F33F0815-75FA-43C5-9F08-D3629C78E656}"
EndProject
Global
	GlobalSection(SolutionConfigurationPlatforms) = preSolution
		Debug|Win32 = Debug|Win32
		Release|Win32 = Release|Win32
	EndGlobalSection
	GlobalSection(ProjectConfigurationPlatforms) = postSolution
		{F33F0815-75FA-43C5-9F08-D3629C78E656}.Debug|Win32.ActiveCfg = Debug|Win32
		{F33F0815-75FA-43C5-9F08-D3629C78E656}.Debug|Win32.Build.0 = Debug|Win32
		{F33F0815-75FA-43C5-9F08-D3629C78E656}.Release|Win32.ActiveCfg = Release|Win32
		{F33F0815-75FA-43C5-9F08-D3629C78E656}.Release|Win32.Build.0 = Release|Win32
	EndGlobalSection
	GlobalSection(SolutionProperties) = preSolution
		HideSolutionNode = FALSE
	EndGlobalSection
EndGlobal
